// !$*UTF8*$!
{
	archiveVersion = 1;
	classes = {
	};
	objectVersion = 50;
	objects = {

/* Begin PBXBuildFile section */
		07684CAA24E5CF940090EE74 /* CafeCollectionViewCell.swift in Sources */ = {isa = PBXBuildFile; fileRef = 07684CA824E5CF940090EE74 /* CafeCollectionViewCell.swift */; };
		07684CAB24E5CF940090EE74 /* CafeCollectionViewCell.xib in Resources */ = {isa = PBXBuildFile; fileRef = 07684CA924E5CF940090EE74 /* CafeCollectionViewCell.xib */; };
		07684CB024E5D9A60090EE74 /* UIImageView+Extensions.swift in Sources */ = {isa = PBXBuildFile; fileRef = 07684CAF24E5D9A60090EE74 /* UIImageView+Extensions.swift */; };
		07684CB624E5F8E10090EE74 /* HomeHeaderCollectionReusableView.swift in Sources */ = {isa = PBXBuildFile; fileRef = 07684CB424E5F8E10090EE74 /* HomeHeaderCollectionReusableView.swift */; };
		07684CB724E5F8E10090EE74 /* HomeHeaderCollectionReusableView.xib in Resources */ = {isa = PBXBuildFile; fileRef = 07684CB524E5F8E10090EE74 /* HomeHeaderCollectionReusableView.xib */; };
		07684CBC24E618830090EE74 /* HomeViewController+CollectionView.swift in Sources */ = {isa = PBXBuildFile; fileRef = 07684CBB24E618830090EE74 /* HomeViewController+CollectionView.swift */; };
		07684CC324E645750090EE74 /* MapViewController+MapViewDelegate.swift in Sources */ = {isa = PBXBuildFile; fileRef = 07684CC224E645750090EE74 /* MapViewController+MapViewDelegate.swift */; };
		076EF73924E9EB69001C5682 /* CafeManagerTests.swift in Sources */ = {isa = PBXBuildFile; fileRef = 076EF73824E9EB69001C5682 /* CafeManagerTests.swift */; };
		076EF73D24EA0F4C001C5682 /* CafeModelTests.swift in Sources */ = {isa = PBXBuildFile; fileRef = 076EF73C24EA0F4C001C5682 /* CafeModelTests.swift */; };
		076EF74524EA145D001C5682 /* CoffeEmergencyTestsTestData.swift in Sources */ = {isa = PBXBuildFile; fileRef = 076EF74424EA145D001C5682 /* CoffeEmergencyTestsTestData.swift */; };
		076EF74724EA1475001C5682 /* apiData.json in Resources */ = {isa = PBXBuildFile; fileRef = 076EF74624EA1475001C5682 /* apiData.json */; };
		076EF74824EA1A5B001C5682 /* apiData.json in Resources */ = {isa = PBXBuildFile; fileRef = 076EF74624EA1475001C5682 /* apiData.json */; };
		07C71CBA24E710BD00E96B4E /* CafeAnnotation.swift in Sources */ = {isa = PBXBuildFile; fileRef = 07C71CB924E710BD00E96B4E /* CafeAnnotation.swift */; };
		07C71CBC24E7153E00E96B4E /* UIImage+Extensions.swift in Sources */ = {isa = PBXBuildFile; fileRef = 07C71CBB24E7153E00E96B4E /* UIImage+Extensions.swift */; };
		07C71CBF24E74AF500E96B4E /* StringUtils.swift in Sources */ = {isa = PBXBuildFile; fileRef = 07C71CBE24E74AF500E96B4E /* StringUtils.swift */; };
		07E524FF24E521E800823AF8 /* AppDelegate.swift in Sources */ = {isa = PBXBuildFile; fileRef = 07E524FE24E521E800823AF8 /* AppDelegate.swift */; };
		07E5250124E521E800823AF8 /* SceneDelegate.swift in Sources */ = {isa = PBXBuildFile; fileRef = 07E5250024E521E800823AF8 /* SceneDelegate.swift */; };
		07E5250324E521E800823AF8 /* HomeViewController.swift in Sources */ = {isa = PBXBuildFile; fileRef = 07E5250224E521E800823AF8 /* HomeViewController.swift */; };
		07E5250624E521E800823AF8 /* Main.storyboard in Resources */ = {isa = PBXBuildFile; fileRef = 07E5250424E521E800823AF8 /* Main.storyboard */; };
		07E5250824E521EA00823AF8 /* Assets.xcassets in Resources */ = {isa = PBXBuildFile; fileRef = 07E5250724E521EA00823AF8 /* Assets.xcassets */; };
		07E5250B24E521EA00823AF8 /* LaunchScreen.storyboard in Resources */ = {isa = PBXBuildFile; fileRef = 07E5250924E521EA00823AF8 /* LaunchScreen.storyboard */; };
		07E5252124E521EA00823AF8 /* CoffeEmergencyUITests.swift in Sources */ = {isa = PBXBuildFile; fileRef = 07E5252024E521EA00823AF8 /* CoffeEmergencyUITests.swift */; };
		07E5252F24E521F800823AF8 /* Secrets.swift in Sources */ = {isa = PBXBuildFile; fileRef = 07E5252E24E521F800823AF8 /* Secrets.swift */; };
		07E5253724E532EF00823AF8 /* Coordinator.swift in Sources */ = {isa = PBXBuildFile; fileRef = 07E5253624E532EF00823AF8 /* Coordinator.swift */; };
		07E5253924E5331400823AF8 /* AppCoordinator.swift in Sources */ = {isa = PBXBuildFile; fileRef = 07E5253824E5331400823AF8 /* AppCoordinator.swift */; };
		07E5253B24E5333D00823AF8 /* HomeCoordinator.swift in Sources */ = {isa = PBXBuildFile; fileRef = 07E5253A24E5333D00823AF8 /* HomeCoordinator.swift */; };
		07E5253D24E5335500823AF8 /* UIViewController+Extensions.swift in Sources */ = {isa = PBXBuildFile; fileRef = 07E5253C24E5335500823AF8 /* UIViewController+Extensions.swift */; };
		07E5254124E5A81200823AF8 /* MapViewController.swift in Sources */ = {isa = PBXBuildFile; fileRef = 07E5254024E5A81200823AF8 /* MapViewController.swift */; };
		07E5254324E5A94000823AF8 /* HomeViewModel.swift in Sources */ = {isa = PBXBuildFile; fileRef = 07E5254224E5A94000823AF8 /* HomeViewModel.swift */; };
		07E5254524E5A9CB00823AF8 /* MapCoordinator.swift in Sources */ = {isa = PBXBuildFile; fileRef = 07E5254424E5A9CB00823AF8 /* MapCoordinator.swift */; };
		07E5254724E5AA1A00823AF8 /* MapViewModel.swift in Sources */ = {isa = PBXBuildFile; fileRef = 07E5254624E5AA1A00823AF8 /* MapViewModel.swift */; };
		07E5254C24E5B64600823AF8 /* CafeManager.swift in Sources */ = {isa = PBXBuildFile; fileRef = 07E5254B24E5B64600823AF8 /* CafeManager.swift */; };
		07E5254E24E5B64D00823AF8 /* CafeData.swift in Sources */ = {isa = PBXBuildFile; fileRef = 07E5254D24E5B64D00823AF8 /* CafeData.swift */; };
		07E5255024E5B65500823AF8 /* CafeModel.swift in Sources */ = {isa = PBXBuildFile; fileRef = 07E5254F24E5B65500823AF8 /* CafeModel.swift */; };
/* End PBXBuildFile section */

/* Begin PBXContainerItemProxy section */
		07E5251224E521EA00823AF8 /* PBXContainerItemProxy */ = {
			isa = PBXContainerItemProxy;
			containerPortal = 07E524F324E521E800823AF8 /* Project object */;
			proxyType = 1;
			remoteGlobalIDString = 07E524FA24E521E800823AF8;
			remoteInfo = CoffeEmergency;
		};
		07E5251D24E521EA00823AF8 /* PBXContainerItemProxy */ = {
			isa = PBXContainerItemProxy;
			containerPortal = 07E524F324E521E800823AF8 /* Project object */;
			proxyType = 1;
			remoteGlobalIDString = 07E524FA24E521E800823AF8;
			remoteInfo = CoffeEmergency;
		};
/* End PBXContainerItemProxy section */

/* Begin PBXFileReference section */
		07684CA824E5CF940090EE74 /* CafeCollectionViewCell.swift */ = {isa = PBXFileReference; lastKnownFileType = sourcecode.swift; path = CafeCollectionViewCell.swift; sourceTree = "<group>"; };
		07684CA924E5CF940090EE74 /* CafeCollectionViewCell.xib */ = {isa = PBXFileReference; lastKnownFileType = file.xib; path = CafeCollectionViewCell.xib; sourceTree = "<group>"; };
		07684CAF24E5D9A60090EE74 /* UIImageView+Extensions.swift */ = {isa = PBXFileReference; lastKnownFileType = sourcecode.swift; path = "UIImageView+Extensions.swift"; sourceTree = "<group>"; };
		07684CB424E5F8E10090EE74 /* HomeHeaderCollectionReusableView.swift */ = {isa = PBXFileReference; lastKnownFileType = sourcecode.swift; path = HomeHeaderCollectionReusableView.swift; sourceTree = "<group>"; };
		07684CB524E5F8E10090EE74 /* HomeHeaderCollectionReusableView.xib */ = {isa = PBXFileReference; lastKnownFileType = file.xib; path = HomeHeaderCollectionReusableView.xib; sourceTree = "<group>"; };
		07684CBB24E618830090EE74 /* HomeViewController+CollectionView.swift */ = {isa = PBXFileReference; lastKnownFileType = sourcecode.swift; path = "HomeViewController+CollectionView.swift"; sourceTree = "<group>"; };
		07684CC224E645750090EE74 /* MapViewController+MapViewDelegate.swift */ = {isa = PBXFileReference; lastKnownFileType = sourcecode.swift; path = "MapViewController+MapViewDelegate.swift"; sourceTree = "<group>"; };
		076EF73824E9EB69001C5682 /* CafeManagerTests.swift */ = {isa = PBXFileReference; lastKnownFileType = sourcecode.swift; path = CafeManagerTests.swift; sourceTree = "<group>"; };
		076EF73C24EA0F4C001C5682 /* CafeModelTests.swift */ = {isa = PBXFileReference; lastKnownFileType = sourcecode.swift; path = CafeModelTests.swift; sourceTree = "<group>"; };
		076EF74424EA145D001C5682 /* CoffeEmergencyTestsTestData.swift */ = {isa = PBXFileReference; lastKnownFileType = sourcecode.swift; path = CoffeEmergencyTestsTestData.swift; sourceTree = "<group>"; };
		076EF74624EA1475001C5682 /* apiData.json */ = {isa = PBXFileReference; lastKnownFileType = text.json; path = apiData.json; sourceTree = "<group>"; };
		07C71CB924E710BD00E96B4E /* CafeAnnotation.swift */ = {isa = PBXFileReference; lastKnownFileType = sourcecode.swift; path = CafeAnnotation.swift; sourceTree = "<group>"; };
		07C71CBB24E7153E00E96B4E /* UIImage+Extensions.swift */ = {isa = PBXFileReference; lastKnownFileType = sourcecode.swift; path = "UIImage+Extensions.swift"; sourceTree = "<group>"; };
		07C71CBE24E74AF500E96B4E /* StringUtils.swift */ = {isa = PBXFileReference; lastKnownFileType = sourcecode.swift; path = StringUtils.swift; sourceTree = "<group>"; };
		07DDBB0A24EAFB0B00818078 /* phone_map.PNG */ = {isa = PBXFileReference; lastKnownFileType = image.png; path = phone_map.PNG; sourceTree = "<group>"; };
		07DDBB0B24EAFB0C00818078 /* phone_home.PNG */ = {isa = PBXFileReference; lastKnownFileType = image.png; path = phone_home.PNG; sourceTree = "<group>"; };
		07E524FB24E521E800823AF8 /* CoffeEmergency.app */ = {isa = PBXFileReference; explicitFileType = wrapper.application; includeInIndex = 0; path = CoffeEmergency.app; sourceTree = BUILT_PRODUCTS_DIR; };
		07E524FE24E521E800823AF8 /* AppDelegate.swift */ = {isa = PBXFileReference; lastKnownFileType = sourcecode.swift; path = AppDelegate.swift; sourceTree = "<group>"; };
		07E5250024E521E800823AF8 /* SceneDelegate.swift */ = {isa = PBXFileReference; lastKnownFileType = sourcecode.swift; path = SceneDelegate.swift; sourceTree = "<group>"; };
		07E5250224E521E800823AF8 /* HomeViewController.swift */ = {isa = PBXFileReference; lastKnownFileType = sourcecode.swift; path = HomeViewController.swift; sourceTree = "<group>"; };
		07E5250524E521E800823AF8 /* Base */ = {isa = PBXFileReference; lastKnownFileType = file.storyboard; name = Base; path = Base.lproj/Main.storyboard; sourceTree = "<group>"; };
		07E5250724E521EA00823AF8 /* Assets.xcassets */ = {isa = PBXFileReference; lastKnownFileType = folder.assetcatalog; path = Assets.xcassets; sourceTree = "<group>"; };
		07E5250A24E521EA00823AF8 /* Base */ = {isa = PBXFileReference; lastKnownFileType = file.storyboard; name = Base; path = Base.lproj/LaunchScreen.storyboard; sourceTree = "<group>"; };
		07E5250C24E521EA00823AF8 /* Info.plist */ = {isa = PBXFileReference; lastKnownFileType = text.plist.xml; path = Info.plist; sourceTree = "<group>"; };
		07E5251124E521EA00823AF8 /* CoffeEmergencyTests.xctest */ = {isa = PBXFileReference; explicitFileType = wrapper.cfbundle; includeInIndex = 0; path = CoffeEmergencyTests.xctest; sourceTree = BUILT_PRODUCTS_DIR; };
		07E5251724E521EA00823AF8 /* Info.plist */ = {isa = PBXFileReference; lastKnownFileType = text.plist.xml; path = Info.plist; sourceTree = "<group>"; };
		07E5251C24E521EA00823AF8 /* CoffeEmergencyUITests.xctest */ = {isa = PBXFileReference; explicitFileType = wrapper.cfbundle; includeInIndex = 0; path = CoffeEmergencyUITests.xctest; sourceTree = BUILT_PRODUCTS_DIR; };
		07E5252024E521EA00823AF8 /* CoffeEmergencyUITests.swift */ = {isa = PBXFileReference; lastKnownFileType = sourcecode.swift; path = CoffeEmergencyUITests.swift; sourceTree = "<group>"; };
		07E5252224E521EA00823AF8 /* Info.plist */ = {isa = PBXFileReference; lastKnownFileType = text.plist.xml; path = Info.plist; sourceTree = "<group>"; };
		07E5252E24E521F800823AF8 /* Secrets.swift */ = {isa = PBXFileReference; lastKnownFileType = sourcecode.swift; path = Secrets.swift; sourceTree = "<group>"; };
		07E5253624E532EF00823AF8 /* Coordinator.swift */ = {isa = PBXFileReference; lastKnownFileType = sourcecode.swift; path = Coordinator.swift; sourceTree = "<group>"; };
		07E5253824E5331400823AF8 /* AppCoordinator.swift */ = {isa = PBXFileReference; lastKnownFileType = sourcecode.swift; path = AppCoordinator.swift; sourceTree = "<group>"; };
		07E5253A24E5333D00823AF8 /* HomeCoordinator.swift */ = {isa = PBXFileReference; lastKnownFileType = sourcecode.swift; path = HomeCoordinator.swift; sourceTree = "<group>"; };
		07E5253C24E5335500823AF8 /* UIViewController+Extensions.swift */ = {isa = PBXFileReference; lastKnownFileType = sourcecode.swift; path = "UIViewController+Extensions.swift"; sourceTree = "<group>"; };
		07E5254024E5A81200823AF8 /* MapViewController.swift */ = {isa = PBXFileReference; lastKnownFileType = sourcecode.swift; path = MapViewController.swift; sourceTree = "<group>"; };
		07E5254224E5A94000823AF8 /* HomeViewModel.swift */ = {isa = PBXFileReference; lastKnownFileType = sourcecode.swift; path = HomeViewModel.swift; sourceTree = "<group>"; };
		07E5254424E5A9CB00823AF8 /* MapCoordinator.swift */ = {isa = PBXFileReference; lastKnownFileType = sourcecode.swift; path = MapCoordinator.swift; sourceTree = "<group>"; };
		07E5254624E5AA1A00823AF8 /* MapViewModel.swift */ = {isa = PBXFileReference; lastKnownFileType = sourcecode.swift; path = MapViewModel.swift; sourceTree = "<group>"; };
		07E5254B24E5B64600823AF8 /* CafeManager.swift */ = {isa = PBXFileReference; lastKnownFileType = sourcecode.swift; path = CafeManager.swift; sourceTree = "<group>"; };
		07E5254D24E5B64D00823AF8 /* CafeData.swift */ = {isa = PBXFileReference; lastKnownFileType = sourcecode.swift; path = CafeData.swift; sourceTree = "<group>"; };
		07E5254F24E5B65500823AF8 /* CafeModel.swift */ = {isa = PBXFileReference; lastKnownFileType = sourcecode.swift; path = CafeModel.swift; sourceTree = "<group>"; };
/* End PBXFileReference section */

/* Begin PBXFrameworksBuildPhase section */
		07E524F824E521E800823AF8 /* Frameworks */ = {
			isa = PBXFrameworksBuildPhase;
			buildActionMask = 2147483647;
			files = (
			);
			runOnlyForDeploymentPostprocessing = 0;
		};
		07E5250E24E521EA00823AF8 /* Frameworks */ = {
			isa = PBXFrameworksBuildPhase;
			buildActionMask = 2147483647;
			files = (
			);
			runOnlyForDeploymentPostprocessing = 0;
		};
		07E5251924E521EA00823AF8 /* Frameworks */ = {
			isa = PBXFrameworksBuildPhase;
			buildActionMask = 2147483647;
			files = (
			);
			runOnlyForDeploymentPostprocessing = 0;
		};
/* End PBXFrameworksBuildPhase section */

/* Begin PBXGroup section */
		07684CAC24E5CF9C0090EE74 /* CafeCollectionViewCell */ = {
			isa = PBXGroup;
			children = (
				07684CA824E5CF940090EE74 /* CafeCollectionViewCell.swift */,
				07684CA924E5CF940090EE74 /* CafeCollectionViewCell.xib */,
			);
			path = CafeCollectionViewCell;
			sourceTree = "<group>";
		};
		07684CB124E5F6ED0090EE74 /* Home */ = {
			isa = PBXGroup;
			children = (
				07684CAC24E5CF9C0090EE74 /* CafeCollectionViewCell */,
				07684CB824E5F8EC0090EE74 /* HomeHeaderCollectionReusableView */,
				07E5250224E521E800823AF8 /* HomeViewController.swift */,
				07684CBB24E618830090EE74 /* HomeViewController+CollectionView.swift */,
			);
			path = Home;
			sourceTree = "<group>";
		};
		07684CB824E5F8EC0090EE74 /* HomeHeaderCollectionReusableView */ = {
			isa = PBXGroup;
			children = (
				07684CB424E5F8E10090EE74 /* HomeHeaderCollectionReusableView.swift */,
				07684CB524E5F8E10090EE74 /* HomeHeaderCollectionReusableView.xib */,
			);
			path = HomeHeaderCollectionReusableView;
			sourceTree = "<group>";
		};
		07684CBD24E620090090EE74 /* Map */ = {
			isa = PBXGroup;
			children = (
				07E5254024E5A81200823AF8 /* MapViewController.swift */,
				07684CC224E645750090EE74 /* MapViewController+MapViewDelegate.swift */,
				07C71CB924E710BD00E96B4E /* CafeAnnotation.swift */,
			);
			path = Map;
			sourceTree = "<group>";
		};
		07C71CBD24E74AD500E96B4E /* Utils */ = {
			isa = PBXGroup;
			children = (
				07C71CBE24E74AF500E96B4E /* StringUtils.swift */,
			);
			path = Utils;
			sourceTree = "<group>";
		};
		07DDBB0924EAFAF600818078 /* Screenshots */ = {
			isa = PBXGroup;
			children = (
				07DDBB0B24EAFB0C00818078 /* phone_home.PNG */,
				07DDBB0A24EAFB0B00818078 /* phone_map.PNG */,
			);
			path = Screenshots;
			sourceTree = "<group>";
		};
		07E524F224E521E800823AF8 = {
			isa = PBXGroup;
			children = (
				07DDBB0924EAFAF600818078 /* Screenshots */,
				07E524FD24E521E800823AF8 /* CoffeEmergency */,
				07E5251424E521EA00823AF8 /* CoffeEmergencyTests */,
				07E5251F24E521EA00823AF8 /* CoffeEmergencyUITests */,
				07E524FC24E521E800823AF8 /* Products */,
			);
			sourceTree = "<group>";
		};
		07E524FC24E521E800823AF8 /* Products */ = {
			isa = PBXGroup;
			children = (
				07E524FB24E521E800823AF8 /* CoffeEmergency.app */,
				07E5251124E521EA00823AF8 /* CoffeEmergencyTests.xctest */,
				07E5251C24E521EA00823AF8 /* CoffeEmergencyUITests.xctest */,
			);
			name = Products;
			sourceTree = "<group>";
		};
		07E524FD24E521E800823AF8 /* CoffeEmergency */ = {
			isa = PBXGroup;
			children = (
				07E5253524E5255800823AF8 /* Extensions */,
				07E5253224E5253800823AF8 /* Coordinators */,
				07E5254824E5B4EC00823AF8 /* Models */,
				07E5253324E5254000823AF8 /* ViewModels */,
				07E5253424E5254600823AF8 /* Views */,
				07C71CBD24E74AD500E96B4E /* Utils */,
				07E524FE24E521E800823AF8 /* AppDelegate.swift */,
				07E5250024E521E800823AF8 /* SceneDelegate.swift */,
				07E5250724E521EA00823AF8 /* Assets.xcassets */,
				07E5250C24E521EA00823AF8 /* Info.plist */,
				07E5252E24E521F800823AF8 /* Secrets.swift */,
			);
			path = CoffeEmergency;
			sourceTree = "<group>";
		};
		07E5251424E521EA00823AF8 /* CoffeEmergencyTests */ = {
			isa = PBXGroup;
			children = (
				076EF74424EA145D001C5682 /* CoffeEmergencyTestsTestData.swift */,
				076EF74624EA1475001C5682 /* apiData.json */,
				076EF73824E9EB69001C5682 /* CafeManagerTests.swift */,
				076EF73C24EA0F4C001C5682 /* CafeModelTests.swift */,
				07E5251724E521EA00823AF8 /* Info.plist */,
			);
			path = CoffeEmergencyTests;
			sourceTree = "<group>";
		};
		07E5251F24E521EA00823AF8 /* CoffeEmergencyUITests */ = {
			isa = PBXGroup;
			children = (
				07E5252024E521EA00823AF8 /* CoffeEmergencyUITests.swift */,
				07E5252224E521EA00823AF8 /* Info.plist */,
			);
			path = CoffeEmergencyUITests;
			sourceTree = "<group>";
		};
		07E5253224E5253800823AF8 /* Coordinators */ = {
			isa = PBXGroup;
			children = (
				07E5253624E532EF00823AF8 /* Coordinator.swift */,
				07E5253824E5331400823AF8 /* AppCoordinator.swift */,
				07E5253A24E5333D00823AF8 /* HomeCoordinator.swift */,
				07E5254424E5A9CB00823AF8 /* MapCoordinator.swift */,
			);
			path = Coordinators;
			sourceTree = "<group>";
		};
		07E5253324E5254000823AF8 /* ViewModels */ = {
			isa = PBXGroup;
			children = (
				07E5254224E5A94000823AF8 /* HomeViewModel.swift */,
				07E5254624E5AA1A00823AF8 /* MapViewModel.swift */,
			);
			path = ViewModels;
			sourceTree = "<group>";
		};
		07E5253424E5254600823AF8 /* Views */ = {
			isa = PBXGroup;
			children = (
				07E5250924E521EA00823AF8 /* LaunchScreen.storyboard */,
				07E5250424E521E800823AF8 /* Main.storyboard */,
				07684CB124E5F6ED0090EE74 /* Home */,
				07684CBD24E620090090EE74 /* Map */,
			);
			path = Views;
			sourceTree = "<group>";
		};
		07E5253524E5255800823AF8 /* Extensions */ = {
			isa = PBXGroup;
			children = (
				07E5253C24E5335500823AF8 /* UIViewController+Extensions.swift */,
				07684CAF24E5D9A60090EE74 /* UIImageView+Extensions.swift */,
				07C71CBB24E7153E00E96B4E /* UIImage+Extensions.swift */,
			);
			path = Extensions;
			sourceTree = "<group>";
		};
		07E5254824E5B4EC00823AF8 /* Models */ = {
			isa = PBXGroup;
			children = (
				07E5254B24E5B64600823AF8 /* CafeManager.swift */,
				07E5254D24E5B64D00823AF8 /* CafeData.swift */,
				07E5254F24E5B65500823AF8 /* CafeModel.swift */,
			);
			path = Models;
			sourceTree = "<group>";
		};
/* End PBXGroup section */

/* Begin PBXNativeTarget section */
		07E524FA24E521E800823AF8 /* CoffeEmergency */ = {
			isa = PBXNativeTarget;
			buildConfigurationList = 07E5252524E521EA00823AF8 /* Build configuration list for PBXNativeTarget "CoffeEmergency" */;
			buildPhases = (
				07E524F724E521E800823AF8 /* Sources */,
				07E524F824E521E800823AF8 /* Frameworks */,
				07E524F924E521E800823AF8 /* Resources */,
			);
			buildRules = (
			);
			dependencies = (
			);
			name = CoffeEmergency;
			productName = CoffeEmergency;
			productReference = 07E524FB24E521E800823AF8 /* CoffeEmergency.app */;
			productType = "com.apple.product-type.application";
		};
		07E5251024E521EA00823AF8 /* CoffeEmergencyTests */ = {
			isa = PBXNativeTarget;
			buildConfigurationList = 07E5252824E521EA00823AF8 /* Build configuration list for PBXNativeTarget "CoffeEmergencyTests" */;
			buildPhases = (
				07E5250D24E521EA00823AF8 /* Sources */,
				07E5250E24E521EA00823AF8 /* Frameworks */,
				07E5250F24E521EA00823AF8 /* Resources */,
			);
			buildRules = (
			);
			dependencies = (
				07E5251324E521EA00823AF8 /* PBXTargetDependency */,
			);
			name = CoffeEmergencyTests;
			productName = CoffeEmergencyTests;
			productReference = 07E5251124E521EA00823AF8 /* CoffeEmergencyTests.xctest */;
			productType = "com.apple.product-type.bundle.unit-test";
		};
		07E5251B24E521EA00823AF8 /* CoffeEmergencyUITests */ = {
			isa = PBXNativeTarget;
			buildConfigurationList = 07E5252B24E521EA00823AF8 /* Build configuration list for PBXNativeTarget "CoffeEmergencyUITests" */;
			buildPhases = (
				07E5251824E521EA00823AF8 /* Sources */,
				07E5251924E521EA00823AF8 /* Frameworks */,
				07E5251A24E521EA00823AF8 /* Resources */,
			);
			buildRules = (
			);
			dependencies = (
				07E5251E24E521EA00823AF8 /* PBXTargetDependency */,
			);
			name = CoffeEmergencyUITests;
			productName = CoffeEmergencyUITests;
			productReference = 07E5251C24E521EA00823AF8 /* CoffeEmergencyUITests.xctest */;
			productType = "com.apple.product-type.bundle.ui-testing";
		};
/* End PBXNativeTarget section */

/* Begin PBXProject section */
		07E524F324E521E800823AF8 /* Project object */ = {
			isa = PBXProject;
			attributes = {
				LastSwiftUpdateCheck = 1160;
				LastUpgradeCheck = 1160;
				ORGANIZATIONNAME = "Miles Au";
				TargetAttributes = {
					07E524FA24E521E800823AF8 = {
						CreatedOnToolsVersion = 11.6;
					};
					07E5251024E521EA00823AF8 = {
						CreatedOnToolsVersion = 11.6;
						TestTargetID = 07E524FA24E521E800823AF8;
					};
					07E5251B24E521EA00823AF8 = {
						CreatedOnToolsVersion = 11.6;
						TestTargetID = 07E524FA24E521E800823AF8;
					};
				};
			};
			buildConfigurationList = 07E524F624E521E800823AF8 /* Build configuration list for PBXProject "CoffeEmergency" */;
			compatibilityVersion = "Xcode 9.3";
			developmentRegion = en;
			hasScannedForEncodings = 0;
			knownRegions = (
				en,
				Base,
			);
			mainGroup = 07E524F224E521E800823AF8;
			productRefGroup = 07E524FC24E521E800823AF8 /* Products */;
			projectDirPath = "";
			projectRoot = "";
			targets = (
				07E524FA24E521E800823AF8 /* CoffeEmergency */,
				07E5251024E521EA00823AF8 /* CoffeEmergencyTests */,
				07E5251B24E521EA00823AF8 /* CoffeEmergencyUITests */,
			);
		};
/* End PBXProject section */

/* Begin PBXResourcesBuildPhase section */
		07E524F924E521E800823AF8 /* Resources */ = {
			isa = PBXResourcesBuildPhase;
			buildActionMask = 2147483647;
			files = (
				07E5250B24E521EA00823AF8 /* LaunchScreen.storyboard in Resources */,
				07684CB724E5F8E10090EE74 /* HomeHeaderCollectionReusableView.xib in Resources */,
				076EF74824EA1A5B001C5682 /* apiData.json in Resources */,
				07684CAB24E5CF940090EE74 /* CafeCollectionViewCell.xib in Resources */,
				07E5250824E521EA00823AF8 /* Assets.xcassets in Resources */,
				07E5250624E521E800823AF8 /* Main.storyboard in Resources */,
			);
			runOnlyForDeploymentPostprocessing = 0;
		};
		07E5250F24E521EA00823AF8 /* Resources */ = {
			isa = PBXResourcesBuildPhase;
			buildActionMask = 2147483647;
			files = (
				076EF74724EA1475001C5682 /* apiData.json in Resources */,
			);
			runOnlyForDeploymentPostprocessing = 0;
		};
		07E5251A24E521EA00823AF8 /* Resources */ = {
			isa = PBXResourcesBuildPhase;
			buildActionMask = 2147483647;
			files = (
			);
			runOnlyForDeploymentPostprocessing = 0;
		};
/* End PBXResourcesBuildPhase section */

/* Begin PBXSourcesBuildPhase section */
		07E524F724E521E800823AF8 /* Sources */ = {
			isa = PBXSourcesBuildPhase;
			buildActionMask = 2147483647;
			files = (
				07E5253924E5331400823AF8 /* AppCoordinator.swift in Sources */,
				07E5250324E521E800823AF8 /* HomeViewController.swift in Sources */,
				07E5254524E5A9CB00823AF8 /* MapCoordinator.swift in Sources */,
				07E5252F24E521F800823AF8 /* Secrets.swift in Sources */,
				07684CBC24E618830090EE74 /* HomeViewController+CollectionView.swift in Sources */,
				07684CB024E5D9A60090EE74 /* UIImageView+Extensions.swift in Sources */,
				07E5255024E5B65500823AF8 /* CafeModel.swift in Sources */,
				07E5254324E5A94000823AF8 /* HomeViewModel.swift in Sources */,
				07684CB624E5F8E10090EE74 /* HomeHeaderCollectionReusableView.swift in Sources */,
				07E5253724E532EF00823AF8 /* Coordinator.swift in Sources */,
				07E5254124E5A81200823AF8 /* MapViewController.swift in Sources */,
				07C71CBF24E74AF500E96B4E /* StringUtils.swift in Sources */,
				07C71CBA24E710BD00E96B4E /* CafeAnnotation.swift in Sources */,
				07E5253D24E5335500823AF8 /* UIViewController+Extensions.swift in Sources */,
				07E524FF24E521E800823AF8 /* AppDelegate.swift in Sources */,
				07E5253B24E5333D00823AF8 /* HomeCoordinator.swift in Sources */,
				07C71CBC24E7153E00E96B4E /* UIImage+Extensions.swift in Sources */,
				07E5254C24E5B64600823AF8 /* CafeManager.swift in Sources */,
				07E5250124E521E800823AF8 /* SceneDelegate.swift in Sources */,
				07684CC324E645750090EE74 /* MapViewController+MapViewDelegate.swift in Sources */,
				07684CAA24E5CF940090EE74 /* CafeCollectionViewCell.swift in Sources */,
				07E5254E24E5B64D00823AF8 /* CafeData.swift in Sources */,
				07E5254724E5AA1A00823AF8 /* MapViewModel.swift in Sources */,
			);
			runOnlyForDeploymentPostprocessing = 0;
		};
		07E5250D24E521EA00823AF8 /* Sources */ = {
			isa = PBXSourcesBuildPhase;
			buildActionMask = 2147483647;
			files = (
				076EF73924E9EB69001C5682 /* CafeManagerTests.swift in Sources */,
				076EF73D24EA0F4C001C5682 /* CafeModelTests.swift in Sources */,
				076EF74524EA145D001C5682 /* CoffeEmergencyTestsTestData.swift in Sources */,
			);
			runOnlyForDeploymentPostprocessing = 0;
		};
		07E5251824E521EA00823AF8 /* Sources */ = {
			isa = PBXSourcesBuildPhase;
			buildActionMask = 2147483647;
			files = (
				07E5252124E521EA00823AF8 /* CoffeEmergencyUITests.swift in Sources */,
			);
			runOnlyForDeploymentPostprocessing = 0;
		};
/* End PBXSourcesBuildPhase section */

/* Begin PBXTargetDependency section */
		07E5251324E521EA00823AF8 /* PBXTargetDependency */ = {
			isa = PBXTargetDependency;
			target = 07E524FA24E521E800823AF8 /* CoffeEmergency */;
			targetProxy = 07E5251224E521EA00823AF8 /* PBXContainerItemProxy */;
		};
		07E5251E24E521EA00823AF8 /* PBXTargetDependency */ = {
			isa = PBXTargetDependency;
			target = 07E524FA24E521E800823AF8 /* CoffeEmergency */;
			targetProxy = 07E5251D24E521EA00823AF8 /* PBXContainerItemProxy */;
		};
/* End PBXTargetDependency section */

/* Begin PBXVariantGroup section */
		07E5250424E521E800823AF8 /* Main.storyboard */ = {
			isa = PBXVariantGroup;
			children = (
				07E5250524E521E800823AF8 /* Base */,
			);
			name = Main.storyboard;
			sourceTree = "<group>";
		};
		07E5250924E521EA00823AF8 /* LaunchScreen.storyboard */ = {
			isa = PBXVariantGroup;
			children = (
				07E5250A24E521EA00823AF8 /* Base */,
			);
			name = LaunchScreen.storyboard;
			sourceTree = "<group>";
		};
/* End PBXVariantGroup section */

/* Begin XCBuildConfiguration section */
		07E5252324E521EA00823AF8 /* Debug */ = {
			isa = XCBuildConfiguration;
			buildSettings = {
				ALWAYS_SEARCH_USER_PATHS = NO;
				CLANG_ANALYZER_NONNULL = YES;
				CLANG_ANALYZER_NUMBER_OBJECT_CONVERSION = YES_AGGRESSIVE;
				CLANG_CXX_LANGUAGE_STANDARD = "gnu++14";
				CLANG_CXX_LIBRARY = "libc++";
				CLANG_ENABLE_MODULES = YES;
				CLANG_ENABLE_OBJC_ARC = YES;
				CLANG_ENABLE_OBJC_WEAK = YES;
				CLANG_WARN_BLOCK_CAPTURE_AUTORELEASING = YES;
				CLANG_WARN_BOOL_CONVERSION = YES;
				CLANG_WARN_COMMA = YES;
				CLANG_WARN_CONSTANT_CONVERSION = YES;
				CLANG_WARN_DEPRECATED_OBJC_IMPLEMENTATIONS = YES;
				CLANG_WARN_DIRECT_OBJC_ISA_USAGE = YES_ERROR;
				CLANG_WARN_DOCUMENTATION_COMMENTS = YES;
				CLANG_WARN_EMPTY_BODY = YES;
				CLANG_WARN_ENUM_CONVERSION = YES;
				CLANG_WARN_INFINITE_RECURSION = YES;
				CLANG_WARN_INT_CONVERSION = YES;
				CLANG_WARN_NON_LITERAL_NULL_CONVERSION = YES;
				CLANG_WARN_OBJC_IMPLICIT_RETAIN_SELF = YES;
				CLANG_WARN_OBJC_LITERAL_CONVERSION = YES;
				CLANG_WARN_OBJC_ROOT_CLASS = YES_ERROR;
				CLANG_WARN_RANGE_LOOP_ANALYSIS = YES;
				CLANG_WARN_STRICT_PROTOTYPES = YES;
				CLANG_WARN_SUSPICIOUS_MOVE = YES;
				CLANG_WARN_UNGUARDED_AVAILABILITY = YES_AGGRESSIVE;
				CLANG_WARN_UNREACHABLE_CODE = YES;
				CLANG_WARN__DUPLICATE_METHOD_MATCH = YES;
				COPY_PHASE_STRIP = NO;
				DEBUG_INFORMATION_FORMAT = dwarf;
				ENABLE_STRICT_OBJC_MSGSEND = YES;
				ENABLE_TESTABILITY = YES;
				GCC_C_LANGUAGE_STANDARD = gnu11;
				GCC_DYNAMIC_NO_PIC = NO;
				GCC_NO_COMMON_BLOCKS = YES;
				GCC_OPTIMIZATION_LEVEL = 0;
				GCC_PREPROCESSOR_DEFINITIONS = (
					"DEBUG=1",
					"$(inherited)",
				);
				GCC_WARN_64_TO_32_BIT_CONVERSION = YES;
				GCC_WARN_ABOUT_RETURN_TYPE = YES_ERROR;
				GCC_WARN_UNDECLARED_SELECTOR = YES;
				GCC_WARN_UNINITIALIZED_AUTOS = YES_AGGRESSIVE;
				GCC_WARN_UNUSED_FUNCTION = YES;
				GCC_WARN_UNUSED_VARIABLE = YES;
				IPHONEOS_DEPLOYMENT_TARGET = 13.6;
				MTL_ENABLE_DEBUG_INFO = INCLUDE_SOURCE;
				MTL_FAST_MATH = YES;
				ONLY_ACTIVE_ARCH = YES;
				SDKROOT = iphoneos;
				SWIFT_ACTIVE_COMPILATION_CONDITIONS = DEBUG;
				SWIFT_OPTIMIZATION_LEVEL = "-Onone";
			};
			name = Debug;
		};
		07E5252424E521EA00823AF8 /* Release */ = {
			isa = XCBuildConfiguration;
			buildSettings = {
				ALWAYS_SEARCH_USER_PATHS = NO;
				CLANG_ANALYZER_NONNULL = YES;
				CLANG_ANALYZER_NUMBER_OBJECT_CONVERSION = YES_AGGRESSIVE;
				CLANG_CXX_LANGUAGE_STANDARD = "gnu++14";
				CLANG_CXX_LIBRARY = "libc++";
				CLANG_ENABLE_MODULES = YES;
				CLANG_ENABLE_OBJC_ARC = YES;
				CLANG_ENABLE_OBJC_WEAK = YES;
				CLANG_WARN_BLOCK_CAPTURE_AUTORELEASING = YES;
				CLANG_WARN_BOOL_CONVERSION = YES;
				CLANG_WARN_COMMA = YES;
				CLANG_WARN_CONSTANT_CONVERSION = YES;
				CLANG_WARN_DEPRECATED_OBJC_IMPLEMENTATIONS = YES;
				CLANG_WARN_DIRECT_OBJC_ISA_USAGE = YES_ERROR;
				CLANG_WARN_DOCUMENTATION_COMMENTS = YES;
				CLANG_WARN_EMPTY_BODY = YES;
				CLANG_WARN_ENUM_CONVERSION = YES;
				CLANG_WARN_INFINITE_RECURSION = YES;
				CLANG_WARN_INT_CONVERSION = YES;
				CLANG_WARN_NON_LITERAL_NULL_CONVERSION = YES;
				CLANG_WARN_OBJC_IMPLICIT_RETAIN_SELF = YES;
				CLANG_WARN_OBJC_LITERAL_CONVERSION = YES;
				CLANG_WARN_OBJC_ROOT_CLASS = YES_ERROR;
				CLANG_WARN_RANGE_LOOP_ANALYSIS = YES;
				CLANG_WARN_STRICT_PROTOTYPES = YES;
				CLANG_WARN_SUSPICIOUS_MOVE = YES;
				CLANG_WARN_UNGUARDED_AVAILABILITY = YES_AGGRESSIVE;
				CLANG_WARN_UNREACHABLE_CODE = YES;
				CLANG_WARN__DUPLICATE_METHOD_MATCH = YES;
				COPY_PHASE_STRIP = NO;
				DEBUG_INFORMATION_FORMAT = "dwarf-with-dsym";
				ENABLE_NS_ASSERTIONS = NO;
				ENABLE_STRICT_OBJC_MSGSEND = YES;
				GCC_C_LANGUAGE_STANDARD = gnu11;
				GCC_NO_COMMON_BLOCKS = YES;
				GCC_WARN_64_TO_32_BIT_CONVERSION = YES;
				GCC_WARN_ABOUT_RETURN_TYPE = YES_ERROR;
				GCC_WARN_UNDECLARED_SELECTOR = YES;
				GCC_WARN_UNINITIALIZED_AUTOS = YES_AGGRESSIVE;
				GCC_WARN_UNUSED_FUNCTION = YES;
				GCC_WARN_UNUSED_VARIABLE = YES;
				IPHONEOS_DEPLOYMENT_TARGET = 13.6;
				MTL_ENABLE_DEBUG_INFO = NO;
				MTL_FAST_MATH = YES;
				SDKROOT = iphoneos;
				SWIFT_COMPILATION_MODE = wholemodule;
				SWIFT_OPTIMIZATION_LEVEL = "-O";
				VALIDATE_PRODUCT = YES;
			};
			name = Release;
		};
		07E5252624E521EA00823AF8 /* Debug */ = {
			isa = XCBuildConfiguration;
			buildSettings = {
				ASSETCATALOG_COMPILER_APPICON_NAME = AppIcon;
				CODE_SIGN_STYLE = Automatic;
				DEVELOPMENT_TEAM = 6X24VA92QA;
				INFOPLIST_FILE = CoffeEmergency/Info.plist;
				LD_RUNPATH_SEARCH_PATHS = (
					"$(inherited)",
					"@executable_path/Frameworks",
				);
				PRODUCT_BUNDLE_IDENTIFIER = com.milesau.CoffeEmergency;
				PRODUCT_NAME = "$(TARGET_NAME)";
				SWIFT_VERSION = 5.0;
				TARGETED_DEVICE_FAMILY = "1,2";
			};
			name = Debug;
		};
		07E5252724E521EA00823AF8 /* Release */ = {
			isa = XCBuildConfiguration;
			buildSettings = {
				ASSETCATALOG_COMPILER_APPICON_NAME = AppIcon;
				CODE_SIGN_STYLE = Automatic;
				DEVELOPMENT_TEAM = 6X24VA92QA;
				INFOPLIST_FILE = CoffeEmergency/Info.plist;
				LD_RUNPATH_SEARCH_PATHS = (
					"$(inherited)",
					"@executable_path/Frameworks",
				);
				PRODUCT_BUNDLE_IDENTIFIER = com.milesau.CoffeEmergency;
				PRODUCT_NAME = "$(TARGET_NAME)";
				SWIFT_VERSION = 5.0;
				TARGETED_DEVICE_FAMILY = "1,2";
			};
			name = Release;
		};
		07E5252924E521EA00823AF8 /* Debug */ = {
			isa = XCBuildConfiguration;
			buildSettings = {
				ALWAYS_EMBED_SWIFT_STANDARD_LIBRARIES = YES;
				BUNDLE_LOADER = "$(TEST_HOST)";
				CODE_SIGN_STYLE = Automatic;
				DEVELOPMENT_TEAM = 6X24VA92QA;
				INFOPLIST_FILE = CoffeEmergencyTests/Info.plist;
				IPHONEOS_DEPLOYMENT_TARGET = 13.6;
				LD_RUNPATH_SEARCH_PATHS = (
					"$(inherited)",
					"@executable_path/Frameworks",
					"@loader_path/Frameworks",
				);
				PRODUCT_BUNDLE_IDENTIFIER = com.milesau.CoffeEmergencyTests;
				PRODUCT_NAME = "$(TARGET_NAME)";
				SWIFT_VERSION = 5.0;
				TARGETED_DEVICE_FAMILY = "1,2";
				TEST_HOST = "$(BUILT_PRODUCTS_DIR)/CoffeEmergency.app/CoffeEmergency";
			};
			name = Debug;
		};
		07E5252A24E521EA00823AF8 /* Release */ = {
			isa = XCBuildConfiguration;
			buildSettings = {
				ALWAYS_EMBED_SWIFT_STANDARD_LIBRARIES = YES;
				BUNDLE_LOADER = "$(TEST_HOST)";
				CODE_SIGN_STYLE = Automatic;
				DEVELOPMENT_TEAM = 6X24VA92QA;
				INFOPLIST_FILE = CoffeEmergencyTests/Info.plist;
				IPHONEOS_DEPLOYMENT_TARGET = 13.6;
				LD_RUNPATH_SEARCH_PATHS = (
					"$(inherited)",
					"@executable_path/Frameworks",
					"@loader_path/Frameworks",
				);
				PRODUCT_BUNDLE_IDENTIFIER = com.milesau.CoffeEmergencyTests;
				PRODUCT_NAME = "$(TARGET_NAME)";
				SWIFT_VERSION = 5.0;
				TARGETED_DEVICE_FAMILY = "1,2";
				TEST_HOST = "$(BUILT_PRODUCTS_DIR)/CoffeEmergency.app/CoffeEmergency";
			};
			name = Release;
		};
		07E5252C24E521EA00823AF8 /* Debug */ = {
			isa = XCBuildConfiguration;
			buildSettings = {
				ALWAYS_EMBED_SWIFT_STANDARD_LIBRARIES = YES;
				CODE_SIGN_STYLE = Automatic;
				DEVELOPMENT_TEAM = 6X24VA92QA;
				INFOPLIST_FILE = CoffeEmergencyUITests/Info.plist;
				LD_RUNPATH_SEARCH_PATHS = (
					"$(inherited)",
					"@executable_path/Frameworks",
					"@loader_path/Frameworks",
				);
				PRODUCT_BUNDLE_IDENTIFIER = com.milesau.CoffeEmergencyUITests;
				PRODUCT_NAME = "$(TARGET_NAME)";
				SWIFT_VERSION = 5.0;
				TARGETED_DEVICE_FAMILY = "1,2";
				TEST_TARGET_NAME = CoffeEmergency;
			};
			name = Debug;
		};
		07E5252D24E521EA00823AF8 /* Release */ = {
			isa = XCBuildConfiguration;
			buildSettings = {
				ALWAYS_EMBED_SWIFT_STANDARD_LIBRARIES = YES;
				CODE_SIGN_STYLE = Automatic;
				DEVELOPMENT_TEAM = 6X24VA92QA;
				INFOPLIST_FILE = CoffeEmergencyUITests/Info.plist;
				LD_RUNPATH_SEARCH_PATHS = (
					"$(inherited)",
					"@executable_path/Frameworks",
					"@loader_path/Frameworks",
				);
				PRODUCT_BUNDLE_IDENTIFIER = com.milesau.CoffeEmergencyUITests;
				PRODUCT_NAME = "$(TARGET_NAME)";
				SWIFT_VERSION = 5.0;
				TARGETED_DEVICE_FAMILY = "1,2";
				TEST_TARGET_NAME = CoffeEmergency;
			};
			name = Release;
		};
/* End XCBuildConfiguration section */

/* Begin XCConfigurationList section */
		07E524F624E521E800823AF8 /* Build configuration list for PBXProject "CoffeEmergency" */ = {
			isa = XCConfigurationList;
			buildConfigurations = (
				07E5252324E521EA00823AF8 /* Debug */,
				07E5252424E521EA00823AF8 /* Release */,
			);
			defaultConfigurationIsVisible = 0;
			defaultConfigurationName = Release;
		};
		07E5252524E521EA00823AF8 /* Build configuration list for PBXNativeTarget "CoffeEmergency" */ = {
			isa = XCConfigurationList;
			buildConfigurations = (
				07E5252624E521EA00823AF8 /* Debug */,
				07E5252724E521EA00823AF8 /* Release */,
			);
			defaultConfigurationIsVisible = 0;
			defaultConfigurationName = Release;
		};
		07E5252824E521EA00823AF8 /* Build configuration list for PBXNativeTarget "CoffeEmergencyTests" */ = {
			isa = XCConfigurationList;
			buildConfigurations = (
				07E5252924E521EA00823AF8 /* Debug */,
				07E5252A24E521EA00823AF8 /* Release */,
			);
			defaultConfigurationIsVisible = 0;
			defaultConfigurationName = Release;
		};
		07E5252B24E521EA00823AF8 /* Build configuration list for PBXNativeTarget "CoffeEmergencyUITests" */ = {
			isa = XCConfigurationList;
			buildConfigurations = (
				07E5252C24E521EA00823AF8 /* Debug */,
				07E5252D24E521EA00823AF8 /* Release */,
			);
			defaultConfigurationIsVisible = 0;
			defaultConfigurationName = Release;
		};
/* End XCConfigurationList section */
	};
	rootObject = 07E524F324E521E800823AF8 /* Project object */;
}
